
Microsoft Visual Studio Solution File, Format Version 12.00
# Visual Studio Version 16
VisualStudioVersion = 16.0.31205.134
MinimumVisualStudioVersion = 10.0.40219.1
Project("{FAE04EC0-301F-11D3-BF4B-00C04F79EFBC}") = "DemoChatApp", "DemoChatApp\DemoChatApp.csproj", "{ECCD274A-74E9-4A17-9F38-E6D29FB71CEE}"
EndProject
Global
	GlobalSection(SolutionConfigurationPlatforms) = preSolution
		Debug|Any CPU = Debug|Any CPU
		Release|Any CPU = Release|Any CPU
	EndGlobalSection
	GlobalSection(ProjectConfigurationPlatforms) = postSolution
		{ECCD274A-74E9-4A17-9F38-E6D29FB71CEE}.Debug|Any CPU.ActiveCfg = Debug|Any CPU
		{ECCD274A-74E9-4A17-9F38-E6D29FB71CEE}.Debug|Any CPU.Build.0 = Debug|Any CPU
		{ECCD274A-74E9-4A17-9F38-E6D29FB71CEE}.Release|Any CPU.ActiveCfg = Release|Any CPU
		{ECCD274A-74E9-4A17-9F38-E6D29FB71CEE}.Release|Any CPU.Build.0 = Release|Any CPU
	EndGlobalSection
	GlobalSection(SolutionProperties) = preSolution
		HideSolutionNode = FALSE
	EndGlobalSection
	GlobalSection(ExtensibilityGlobals) = postSolution
		SolutionGuid = {8C330712-78F6-41E4-AB14-505D0518ACDB}
	EndGlobalSection
EndGlobal
